
Microsoft Visual Studio Solution File, Format Version 12.00
# Visual Studio Version 17
VisualStudioVersion = 17.12.35506.116
MinimumVisualStudioVersion = 10.0.40219.1
Project("{FAE04EC0-301F-11D3-BF4B-00C04F79EFBC}") = "VHSMovies.Infrastructure", "src\VHSMovies.Infrastructure\VHSMovies.Infrastructure.csproj", "{B61896AD-D522-450E-AFF0-EE918EF231FF}"
EndProject
Project("{FAE04EC0-301F-11D3-BF4B-00C04F79EFBC}") = "VHSMovies.Domain", "src\VHSMovies.Domain\VHSMovies.Domain.csproj", "{15C2AF12-3B43-4106-9B1E-C76FBDCE125F}"
EndProject
Project("{FAE04EC0-301F-11D3-BF4B-00C04F79EFBC}") = "VHSMovies.Application", "src\VHSMovies.Application\VHSMovies.Application.csproj", "{E690E3DB-2376-4431-B836-F935F015F732}"
EndProject
Project("{FAE04EC0-301F-11D3-BF4B-00C04F79EFBC}") = "VHSMovies.Api", "src\VHSMovies.Api\VHSMovies.Api.csproj", "{58E28368-1EB1-470D-B60A-69C7B6214D4F}"
EndProject
Project("{E53339B2-1760-4266-BCC7-CA923CBCF16C}") = "docker-compose", "src\docker-compose.dcproj", "{E4251A38-4779-4C97-8FA1-FCCB604BE878}"
EndProject
Project("{FAE04EC0-301F-11D3-BF4B-00C04F79EFBC}") = "VHSMovies.Api.Integration", "src\VHSMovies.Api.Integration\VHSMovies.Api.Integration.csproj", "{5C918923-06AF-4EFF-B4DB-1A815574A0E7}"
EndProject
Project("{FAE04EC0-301F-11D3-BF4B-00C04F79EFBC}") = "VHSMovies.Tests", "tests\VHSMovies.Tests\VHSMovies.Tests.csproj", "{A84C4914-4359-4A98-82F6-91A004D9E59B}"
EndProject
Project("{FAE04EC0-301F-11D3-BF4B-00C04F79EFBC}") = "VHSMovies.Mediator", "src\VHSMovies.Mediator\VHSMovies.Mediator.csproj", "{799AA97A-09A5-469B-B6A7-C343E4428D1F}"
EndProject
Project("{FAE04EC0-301F-11D3-BF4B-00C04F79EFBC}") = "VHSMovies.Tests.Website", "tests\VHSMovies.Tests.Website\VHSMovies.Tests.Website.csproj", "{7CE107B9-619D-4A40-81C8-E3171F60FFFF}"
EndProject
Project("{FAE04EC0-301F-11D3-BF4B-00C04F79EFBC}") = "VHSMovies.Web", "src\VHSMovies.Web\VHSMovies.Web.csproj", "{77F7FC58-E13F-427A-B292-6BCD734D9717}"
EndProject
Global
	GlobalSection(SolutionConfigurationPlatforms) = preSolution
		Debug|Any CPU = Debug|Any CPU
		Release|Any CPU = Release|Any CPU
	EndGlobalSection
	GlobalSection(ProjectConfigurationPlatforms) = postSolution
		{B61896AD-D522-450E-AFF0-EE918EF231FF}.Debug|Any CPU.ActiveCfg = Debug|Any CPU
		{B61896AD-D522-450E-AFF0-EE918EF231FF}.Debug|Any CPU.Build.0 = Debug|Any CPU
		{B61896AD-D522-450E-AFF0-EE918EF231FF}.Release|Any CPU.ActiveCfg = Release|Any CPU
		{B61896AD-D522-450E-AFF0-EE918EF231FF}.Release|Any CPU.Build.0 = Release|Any CPU
		{15C2AF12-3B43-4106-9B1E-C76FBDCE125F}.Debug|Any CPU.ActiveCfg = Debug|Any CPU
		{15C2AF12-3B43-4106-9B1E-C76FBDCE125F}.Debug|Any CPU.Build.0 = Debug|Any CPU
		{15C2AF12-3B43-4106-9B1E-C76FBDCE125F}.Release|Any CPU.ActiveCfg = Release|Any CPU
		{15C2AF12-3B43-4106-9B1E-C76FBDCE125F}.Release|Any CPU.Build.0 = Release|Any CPU
		{E690E3DB-2376-4431-B836-F935F015F732}.Debug|Any CPU.ActiveCfg = Debug|Any CPU
		{E690E3DB-2376-4431-B836-F935F015F732}.Debug|Any CPU.Build.0 = Debug|Any CPU
		{E690E3DB-2376-4431-B836-F935F015F732}.Release|Any CPU.ActiveCfg = Release|Any CPU
		{E690E3DB-2376-4431-B836-F935F015F732}.Release|Any CPU.Build.0 = Release|Any CPU
		{58E28368-1EB1-470D-B60A-69C7B6214D4F}.Debug|Any CPU.ActiveCfg = Debug|Any CPU
		{58E28368-1EB1-470D-B60A-69C7B6214D4F}.Debug|Any CPU.Build.0 = Debug|Any CPU
		{58E28368-1EB1-470D-B60A-69C7B6214D4F}.Release|Any CPU.ActiveCfg = Release|Any CPU
		{58E28368-1EB1-470D-B60A-69C7B6214D4F}.Release|Any CPU.Build.0 = Release|Any CPU
		{E4251A38-4779-4C97-8FA1-FCCB604BE878}.Debug|Any CPU.ActiveCfg = Debug|Any CPU
		{E4251A38-4779-4C97-8FA1-FCCB604BE878}.Debug|Any CPU.Build.0 = Debug|Any CPU
		{E4251A38-4779-4C97-8FA1-FCCB604BE878}.Release|Any CPU.ActiveCfg = Release|Any CPU
		{E4251A38-4779-4C97-8FA1-FCCB604BE878}.Release|Any CPU.Build.0 = Release|Any CPU
		{5C918923-06AF-4EFF-B4DB-1A815574A0E7}.Debug|Any CPU.ActiveCfg = Debug|Any CPU
		{5C918923-06AF-4EFF-B4DB-1A815574A0E7}.Debug|Any CPU.Build.0 = Debug|Any CPU
		{5C918923-06AF-4EFF-B4DB-1A815574A0E7}.Release|Any CPU.ActiveCfg = Release|Any CPU
		{5C918923-06AF-4EFF-B4DB-1A815574A0E7}.Release|Any CPU.Build.0 = Release|Any CPU
		{A84C4914-4359-4A98-82F6-91A004D9E59B}.Debug|Any CPU.ActiveCfg = Debug|Any CPU
		{A84C4914-4359-4A98-82F6-91A004D9E59B}.Debug|Any CPU.Build.0 = Debug|Any CPU
		{A84C4914-4359-4A98-82F6-91A004D9E59B}.Release|Any CPU.ActiveCfg = Release|Any CPU
		{A84C4914-4359-4A98-82F6-91A004D9E59B}.Release|Any CPU.Build.0 = Release|Any CPU
		{799AA97A-09A5-469B-B6A7-C343E4428D1F}.Debug|Any CPU.ActiveCfg = Debug|Any CPU
		{799AA97A-09A5-469B-B6A7-C343E4428D1F}.Debug|Any CPU.Build.0 = Debug|Any CPU
		{799AA97A-09A5-469B-B6A7-C343E4428D1F}.Release|Any CPU.ActiveCfg = Release|Any CPU
		{799AA97A-09A5-469B-B6A7-C343E4428D1F}.Release|Any CPU.Build.0 = Release|Any CPU
		{7CE107B9-619D-4A40-81C8-E3171F60FFFF}.Debug|Any CPU.ActiveCfg = Debug|Any CPU
		{7CE107B9-619D-4A40-81C8-E3171F60FFFF}.Debug|Any CPU.Build.0 = Debug|Any CPU
		{7CE107B9-619D-4A40-81C8-E3171F60FFFF}.Release|Any CPU.ActiveCfg = Release|Any CPU
		{7CE107B9-619D-4A40-81C8-E3171F60FFFF}.Release|Any CPU.Build.0 = Release|Any CPU
		{77F7FC58-E13F-427A-B292-6BCD734D9717}.Debug|Any CPU.ActiveCfg = Debug|Any CPU
		{77F7FC58-E13F-427A-B292-6BCD734D9717}.Debug|Any CPU.Build.0 = Debug|Any CPU
		{77F7FC58-E13F-427A-B292-6BCD734D9717}.Release|Any CPU.ActiveCfg = Release|Any CPU
		{77F7FC58-E13F-427A-B292-6BCD734D9717}.Release|Any CPU.Build.0 = Release|Any CPU
	EndGlobalSection
	GlobalSection(SolutionProperties) = preSolution
		HideSolutionNode = FALSE
	EndGlobalSection
	GlobalSection(ExtensibilityGlobals) = postSolution
		SolutionGuid = {6943FAEA-3A1B-42DA-8525-4D1F19FCE262}
	EndGlobalSection
EndGlobal
